
Microsoft Visual Studio Solution File, Format Version 12.00
# Visual Studio Version 16
VisualStudioVersion = 16.0.30621.155
MinimumVisualStudioVersion = 10.0.40219.1
Project("{8BC9CEB8-8B4A-11D0-8D11-00A0C91BC942}") = "w8p2", "w8p2.vcxproj", "{C0239C20-9434-4B4D-9FC2-8216E8836536}"
EndProject
Global
	GlobalSection(SolutionConfigurationPlatforms) = preSolution
		Debug|x64 = Debug|x64
		Debug|x86 = Debug|x86
		Release|x64 = Release|x64
		Release|x86 = Release|x86
	EndGlobalSection
	GlobalSection(ProjectConfigurationPlatforms) = postSolution
		{C0239C20-9434-4B4D-9FC2-8216E8836536}.Debug|x64.ActiveCfg = Debug|x64
		{C0239C20-9434-4B4D-9FC2-8216E8836536}.Debug|x64.Build.0 = Debug|x64
		{C0239C20-9434-4B4D-9FC2-8216E8836536}.Debug|x86.ActiveCfg = Debug|Win32
		{C0239C20-9434-4B4D-9FC2-8216E8836536}.Debug|x86.Build.0 = Debug|Win32
		{C0239C20-9434-4B4D-9FC2-8216E8836536}.Release|x64.ActiveCfg = Release|x64
		{C0239C20-9434-4B4D-9FC2-8216E8836536}.Release|x64.Build.0 = Release|x64
		{C0239C20-9434-4B4D-9FC2-8216E8836536}.Release|x86.ActiveCfg = Release|Win32
		{C0239C20-9434-4B4D-9FC2-8216E8836536}.Release|x86.Build.0 = Release|Win32
	EndGlobalSection
	GlobalSection(SolutionProperties) = preSolution
		HideSolutionNode = FALSE
	EndGlobalSection
	GlobalSection(ExtensibilityGlobals) = postSolution
		SolutionGuid = {113E3292-9BF3-495A-AE6F-F65C4B9F51EC}
	EndGlobalSection
EndGlobal
