
Microsoft Visual Studio Solution File, Format Version 12.00
# Visual Studio Version 16
VisualStudioVersion = 16.0.30621.155
MinimumVisualStudioVersion = 10.0.40219.1
Project("{8BC9CEB8-8B4A-11D0-8D11-00A0C91BC942}") = "w7p2", "w7p2.vcxproj", "{A02A7A69-ED4E-42CE-ABC1-06BE3E625A08}"
EndProject
Global
	GlobalSection(SolutionConfigurationPlatforms) = preSolution
		Debug|x64 = Debug|x64
		Debug|x86 = Debug|x86
		Release|x64 = Release|x64
		Release|x86 = Release|x86
	EndGlobalSection
	GlobalSection(ProjectConfigurationPlatforms) = postSolution
		{A02A7A69-ED4E-42CE-ABC1-06BE3E625A08}.Debug|x64.ActiveCfg = Debug|x64
		{A02A7A69-ED4E-42CE-ABC1-06BE3E625A08}.Debug|x64.Build.0 = Debug|x64
		{A02A7A69-ED4E-42CE-ABC1-06BE3E625A08}.Debug|x86.ActiveCfg = Debug|Win32
		{A02A7A69-ED4E-42CE-ABC1-06BE3E625A08}.Debug|x86.Build.0 = Debug|Win32
		{A02A7A69-ED4E-42CE-ABC1-06BE3E625A08}.Release|x64.ActiveCfg = Release|x64
		{A02A7A69-ED4E-42CE-ABC1-06BE3E625A08}.Release|x64.Build.0 = Release|x64
		{A02A7A69-ED4E-42CE-ABC1-06BE3E625A08}.Release|x86.ActiveCfg = Release|Win32
		{A02A7A69-ED4E-42CE-ABC1-06BE3E625A08}.Release|x86.Build.0 = Release|Win32
	EndGlobalSection
	GlobalSection(SolutionProperties) = preSolution
		HideSolutionNode = FALSE
	EndGlobalSection
	GlobalSection(ExtensibilityGlobals) = postSolution
		SolutionGuid = {4D6927BC-F8AF-4304-8821-821C2DF7C7E8}
	EndGlobalSection
EndGlobal
